{
  "name": "aes",
  "version": "1.0.0",
  "lockfileVersion": 3,
  "requires": true,
  "packages": {
    "": {
      "name": "aes",
      "version": "1.0.0",
      "license": "MIT",
      "dependencies": {
        "@abaplint/cli": "^2.113.108",
        "@abaplint/runtime": "^2.10.39",
        "@abaplint/transpiler-cli": "^2.10.39"
      }
    },
    "node_modules/@abaplint/cli": {
      "version": "2.113.108",
      "resolved": "https://registry.npmjs.org/@abaplint/cli/-/cli-2.113.108.tgz",
      "integrity": "sha512-Qigo5UBwb0a2yskWJwYGgRfj7hx9rZ45sUb6kxQuMG/ZUT4xAIKIXxYf/hWQMqM+xSP4p85uIjDAs64rNzDQ9A==",
      "license": "MIT",
      "bin": {
        "abaplint": "abaplint"
      },
      "engines": {
        "node": ">=12.0.0"
      },
      "funding": {
        "url": "https://github.com/sponsors/larshp"
      }
    },
    "node_modules/@abaplint/runtime": {
      "version": "2.10.39",
      "resolved": "https://registry.npmjs.org/@abaplint/runtime/-/runtime-2.10.39.tgz",
      "integrity": "sha512-cqFbcifKt1v5odFZcNj9/1pGXCldM4cWiVNTSSCt7LZM6CWvZHGBaVPL4QLdeQM9mTq1imNbhKmW6v589GWCRA==",
      "license": "MIT",
      "dependencies": {
        "temporal-polyfill": "^0.2.5"
      },
      "funding": {
        "url": "https://github.com/sponsors/larshp"
      }
    },
    "node_modules/@abaplint/transpiler-cli": {
      "version": "2.10.39",
      "resolved": "https://registry.npmjs.org/@abaplint/transpiler-cli/-/transpiler-cli-2.10.39.tgz",
      "integrity": "sha512-WPFwCjFyq6Utc+z6F66KjfErrOY8IAJR9bdgQ1NoJ0+HpnEE/fJKvri3TPRw3m1eH5HRswDWq0QXwFEke93Hzw==",
      "license": "MIT",
      "bin": {
        "abap_transpile": "abap_transpile"
      },
      "funding": {
        "url": "https://github.com/sponsors/larshp"
      }
    },
    "node_modules/temporal-polyfill": {
      "version": "0.2.5",
      "resolved": "https://registry.npmjs.org/temporal-polyfill/-/temporal-polyfill-0.2.5.tgz",
      "integrity": "sha512-ye47xp8Cb0nDguAhrrDS1JT1SzwEV9e26sSsrWzVu+yPZ7LzceEcH0i2gci9jWfOfSCCgM3Qv5nOYShVUUFUXA==",
      "license": "MIT",
      "dependencies": {
        "temporal-spec": "^0.2.4"
      }
    },
    "node_modules/temporal-spec": {
      "version": "0.2.4",
      "resolved": "https://registry.npmjs.org/temporal-spec/-/temporal-spec-0.2.4.tgz",
      "integrity": "sha512-lDMFv4nKQrSjlkHKAlHVqKrBG4DyFfa9F74cmBZ3Iy3ed8yvWnlWSIdi4IKfSqwmazAohBNwiN64qGx4y5Q3IQ==",
      "license": "ISC"
    }
  }
}
