{
  "name": "aes",
  "version": "1.0.0",
  "lockfileVersion": 3,
  "requires": true,
  "packages": {
    "": {
      "name": "aes",
      "version": "1.0.0",
      "license": "MIT",
      "dependencies": {
        "@abaplint/cli": "^2.113.110",
        "@abaplint/runtime": "^2.10.49",
        "@abaplint/transpiler-cli": "^2.10.49"
      }
    },
    "node_modules/@abaplint/cli": {
      "version": "2.113.110",
      "resolved": "https://registry.npmjs.org/@abaplint/cli/-/cli-2.113.110.tgz",
      "integrity": "sha512-EY5mP6dE/kv0FGcTMT3QhwWrcs4v3JXv9ZvjpTDJu6ncA0Z4v+nMJy0f66Ug+LHPmcUZHjevH+UTRuSYFlYYXQ==",
      "license": "MIT",
      "bin": {
        "abaplint": "abaplint"
      },
      "engines": {
        "node": ">=12.0.0"
      },
      "funding": {
        "url": "https://github.com/sponsors/larshp"
      }
    },
    "node_modules/@abaplint/runtime": {
      "version": "2.10.49",
      "resolved": "https://registry.npmjs.org/@abaplint/runtime/-/runtime-2.10.49.tgz",
      "integrity": "sha512-io0w1rvJDHnkxoDeK6DrXRvQYMFNgSfg82GYWPY5gwEeXfQR5MniIMsPNXBVGmBB+NkTY3MvWMcwRHmgXGuWPg==",
      "license": "MIT",
      "dependencies": {
        "temporal-polyfill": "^0.2.5"
      },
      "funding": {
        "url": "https://github.com/sponsors/larshp"
      }
    },
    "node_modules/@abaplint/transpiler-cli": {
      "version": "2.10.49",
      "resolved": "https://registry.npmjs.org/@abaplint/transpiler-cli/-/transpiler-cli-2.10.49.tgz",
      "integrity": "sha512-Nr3Bg0eaoRCfQMYgqBHEDw+03L/M3zV/9dTX35PjkWQL8RZn31MQLUqtw0J4x7ThizKgD5SANPbYvMYTBLsjkg==",
      "license": "MIT",
      "bin": {
        "abap_transpile": "abap_transpile"
      },
      "funding": {
        "url": "https://github.com/sponsors/larshp"
      }
    },
    "node_modules/temporal-polyfill": {
      "version": "0.2.5",
      "resolved": "https://registry.npmjs.org/temporal-polyfill/-/temporal-polyfill-0.2.5.tgz",
      "integrity": "sha512-ye47xp8Cb0nDguAhrrDS1JT1SzwEV9e26sSsrWzVu+yPZ7LzceEcH0i2gci9jWfOfSCCgM3Qv5nOYShVUUFUXA==",
      "license": "MIT",
      "dependencies": {
        "temporal-spec": "^0.2.4"
      }
    },
    "node_modules/temporal-spec": {
      "version": "0.2.4",
      "resolved": "https://registry.npmjs.org/temporal-spec/-/temporal-spec-0.2.4.tgz",
      "integrity": "sha512-lDMFv4nKQrSjlkHKAlHVqKrBG4DyFfa9F74cmBZ3Iy3ed8yvWnlWSIdi4IKfSqwmazAohBNwiN64qGx4y5Q3IQ==",
      "license": "ISC"
    }
  }
}
