{
  "name": "aes",
  "version": "1.0.0",
  "lockfileVersion": 3,
  "requires": true,
  "packages": {
    "": {
      "name": "aes",
      "version": "1.0.0",
      "license": "MIT",
      "dependencies": {
        "@abaplint/cli": "^2.113.200",
        "@abaplint/runtime": "^2.11.89",
        "@abaplint/transpiler-cli": "^2.11.89"
      }
    },
    "node_modules/@abaplint/cli": {
      "version": "2.113.200",
      "resolved": "https://registry.npmjs.org/@abaplint/cli/-/cli-2.113.200.tgz",
      "integrity": "sha512-QatFLh1sv4f41BkP61ufw4EXVg4Z+7zjorpS5tfZmd+2ck4vvmJi1NrZGOtwBq2s7xPd3PVgYjLV4lHRlm4F6g==",
      "license": "MIT",
      "bin": {
        "abaplint": "abaplint"
      },
      "engines": {
        "node": ">=12.0.0"
      },
      "funding": {
        "url": "https://github.com/sponsors/larshp"
      }
    },
    "node_modules/@abaplint/runtime": {
      "version": "2.11.89",
      "resolved": "https://registry.npmjs.org/@abaplint/runtime/-/runtime-2.11.89.tgz",
      "integrity": "sha512-G6ms/O4Ygp9GSH5O4O26OMKKy2AbGA0epEyliSSJkFTdREFFlG+MHgIsRDGWQHH9LbPuHKyNFm9r9AYUaxWIrw==",
      "license": "MIT",
      "dependencies": {
        "temporal-polyfill": "^0.3.0"
      },
      "funding": {
        "url": "https://github.com/sponsors/larshp"
      }
    },
    "node_modules/@abaplint/transpiler-cli": {
      "version": "2.11.89",
      "resolved": "https://registry.npmjs.org/@abaplint/transpiler-cli/-/transpiler-cli-2.11.89.tgz",
      "integrity": "sha512-/SO+EfqQGh3IAK8rfu4skX5UPtyTJUM6VP20rzpkHqRmLwGPWFA43QikTSSb0124h9IDEyd5wrE/rTEAhVl08A==",
      "license": "MIT",
      "bin": {
        "abap_transpile": "abap_transpile"
      },
      "funding": {
        "url": "https://github.com/sponsors/larshp"
      }
    },
    "node_modules/temporal-polyfill": {
      "version": "0.3.0",
      "resolved": "https://registry.npmjs.org/temporal-polyfill/-/temporal-polyfill-0.3.0.tgz",
      "integrity": "sha512-qNsTkX9K8hi+FHDfHmf22e/OGuXmfBm9RqNismxBrnSmZVJKegQ+HYYXT+R7Ha8F/YSm2Y34vmzD4cxMu2u95g==",
      "license": "MIT",
      "dependencies": {
        "temporal-spec": "0.3.0"
      }
    },
    "node_modules/temporal-spec": {
      "version": "0.3.0",
      "resolved": "https://registry.npmjs.org/temporal-spec/-/temporal-spec-0.3.0.tgz",
      "integrity": "sha512-n+noVpIqz4hYgFSMOSiINNOUOMFtV5cZQNCmmszA6GiVFVRt3G7AqVyhXjhCSmowvQn+NsGn+jMDMKJYHd3bSQ==",
      "license": "ISC"
    }
  }
}
